
Microsoft Visual Studio Solution File, Format Version 12.00
# Visual Studio 14
VisualStudioVersion = 14.0.23107.0
MinimumVisualStudioVersion = 10.0.40219.1
Project("{FAE04EC0-301F-11D3-BF4B-00C04F79EFBC}") = "SisComanda", "SisComanda\SisComanda.csproj", "{3665C173-BB36-4BE2-BE6C-5B1EF53C04E3}"
EndProject
Project("{FAE04EC0-301F-11D3-BF4B-00C04F79EFBC}") = "Util", "Util\Util.csproj", "{B7DAB249-785D-46E8-8A5E-6ACFCB01465B}"
EndProject
Project("{FAE04EC0-301F-11D3-BF4B-00C04F79EFBC}") = "Dados", "Banco\Dados.csproj", "{C8665A2F-15F7-4E4B-A2C2-7CD89F36439B}"
EndProject
Project("{FAE04EC0-301F-11D3-BF4B-00C04F79EFBC}") = "Entidade", "Entidade\Entidade.csproj", "{F933E2CB-D8C6-4D12-A554-8551D6FDF40F}"
EndProject
Project("{FAE04EC0-301F-11D3-BF4B-00C04F79EFBC}") = "Controle", "Controle\Controle.csproj", "{42341628-7204-49FC-867C-56B70515945D}"
EndProject
Project("{2150E333-8FDC-42A3-9474-1A3956D46DE8}") = "Banco de Dados", "Banco de Dados", "{827CBDAB-FC2C-406B-94B5-61EFB54E3901}"
EndProject
Global
	GlobalSection(SolutionConfigurationPlatforms) = preSolution
		Debug|Any CPU = Debug|Any CPU
		Release|Any CPU = Release|Any CPU
	EndGlobalSection
	GlobalSection(ProjectConfigurationPlatforms) = postSolution
		{3665C173-BB36-4BE2-BE6C-5B1EF53C04E3}.Debug|Any CPU.ActiveCfg = Debug|Any CPU
		{3665C173-BB36-4BE2-BE6C-5B1EF53C04E3}.Debug|Any CPU.Build.0 = Debug|Any CPU
		{3665C173-BB36-4BE2-BE6C-5B1EF53C04E3}.Release|Any CPU.ActiveCfg = Release|Any CPU
		{3665C173-BB36-4BE2-BE6C-5B1EF53C04E3}.Release|Any CPU.Build.0 = Release|Any CPU
		{B7DAB249-785D-46E8-8A5E-6ACFCB01465B}.Debug|Any CPU.ActiveCfg = Debug|Any CPU
		{B7DAB249-785D-46E8-8A5E-6ACFCB01465B}.Debug|Any CPU.Build.0 = Debug|Any CPU
		{B7DAB249-785D-46E8-8A5E-6ACFCB01465B}.Release|Any CPU.ActiveCfg = Release|Any CPU
		{B7DAB249-785D-46E8-8A5E-6ACFCB01465B}.Release|Any CPU.Build.0 = Release|Any CPU
		{C8665A2F-15F7-4E4B-A2C2-7CD89F36439B}.Debug|Any CPU.ActiveCfg = Debug|Any CPU
		{C8665A2F-15F7-4E4B-A2C2-7CD89F36439B}.Debug|Any CPU.Build.0 = Debug|Any CPU
		{C8665A2F-15F7-4E4B-A2C2-7CD89F36439B}.Release|Any CPU.ActiveCfg = Release|Any CPU
		{C8665A2F-15F7-4E4B-A2C2-7CD89F36439B}.Release|Any CPU.Build.0 = Release|Any CPU
		{F933E2CB-D8C6-4D12-A554-8551D6FDF40F}.Debug|Any CPU.ActiveCfg = Debug|Any CPU
		{F933E2CB-D8C6-4D12-A554-8551D6FDF40F}.Debug|Any CPU.Build.0 = Debug|Any CPU
		{F933E2CB-D8C6-4D12-A554-8551D6FDF40F}.Release|Any CPU.ActiveCfg = Release|Any CPU
		{F933E2CB-D8C6-4D12-A554-8551D6FDF40F}.Release|Any CPU.Build.0 = Release|Any CPU
		{42341628-7204-49FC-867C-56B70515945D}.Debug|Any CPU.ActiveCfg = Debug|Any CPU
		{42341628-7204-49FC-867C-56B70515945D}.Debug|Any CPU.Build.0 = Debug|Any CPU
		{42341628-7204-49FC-867C-56B70515945D}.Release|Any CPU.ActiveCfg = Release|Any CPU
		{42341628-7204-49FC-867C-56B70515945D}.Release|Any CPU.Build.0 = Release|Any CPU
	EndGlobalSection
	GlobalSection(SolutionProperties) = preSolution
		HideSolutionNode = FALSE
	EndGlobalSection
EndGlobal
